// !$*UTF8*$!
{
	archiveVersion = 1;
	classes = {
	};
	objectVersion = 55;
	objects = {

/* Begin PBXBuildFile section */
		2F7F3CD5277B4927003FF337 /* AppDelegate.swift in Sources */ = {isa = PBXBuildFile; fileRef = 2F7F3CD4277B4927003FF337 /* AppDelegate.swift */; };
		2F7F3CD7277B4927003FF337 /* SceneDelegate.swift in Sources */ = {isa = PBXBuildFile; fileRef = 2F7F3CD6277B4927003FF337 /* SceneDelegate.swift */; };
		2F7F3CD9277B4927003FF337 /* TopViewController.swift in Sources */ = {isa = PBXBuildFile; fileRef = 2F7F3CD8277B4927003FF337 /* TopViewController.swift */; };
		2F7F3CDC277B4927003FF337 /* Top.storyboard in Resources */ = {isa = PBXBuildFile; fileRef = 2F7F3CDA277B4927003FF337 /* Top.storyboard */; };
		2F7F3CDE277B492E003FF337 /* Assets.xcassets in Resources */ = {isa = PBXBuildFile; fileRef = 2F7F3CDD277B492E003FF337 /* Assets.xcassets */; };
		2F7F3CE1277B492E003FF337 /* LaunchScreen.storyboard in Resources */ = {isa = PBXBuildFile; fileRef = 2F7F3CDF277B492E003FF337 /* LaunchScreen.storyboard */; };
		38F829C4277B5C52001F8E29 /* Search.storyboard in Resources */ = {isa = PBXBuildFile; fileRef = 38F829C3277B5C52001F8E29 /* Search.storyboard */; };
		38F829C6277B5D17001F8E29 /* PlanList.storyboard in Resources */ = {isa = PBXBuildFile; fileRef = 38F829C5277B5D17001F8E29 /* PlanList.storyboard */; };
		38F829C8277B5D25001F8E29 /* PlanShow.storyboard in Resources */ = {isa = PBXBuildFile; fileRef = 38F829C7277B5D25001F8E29 /* PlanShow.storyboard */; };
		38F829CA277B5D37001F8E29 /* PlanCreate.storyboard in Resources */ = {isa = PBXBuildFile; fileRef = 38F829C9277B5D37001F8E29 /* PlanCreate.storyboard */; };
		38F829CC277B5D44001F8E29 /* PlanEdit.storyboard in Resources */ = {isa = PBXBuildFile; fileRef = 38F829CB277B5D44001F8E29 /* PlanEdit.storyboard */; };
		38F829CE277B6042001F8E29 /* SearchViewController.swift in Sources */ = {isa = PBXBuildFile; fileRef = 38F829CD277B6042001F8E29 /* SearchViewController.swift */; };
		38F829D0277B609D001F8E29 /* PlanListViewController.swift in Sources */ = {isa = PBXBuildFile; fileRef = 38F829CF277B609D001F8E29 /* PlanListViewController.swift */; };
		38F829D2277B60AC001F8E29 /* PlanShowViewController.swift in Sources */ = {isa = PBXBuildFile; fileRef = 38F829D1277B60AC001F8E29 /* PlanShowViewController.swift */; };
		38F829D4277B60BB001F8E29 /* PlanCreateViewController.swift in Sources */ = {isa = PBXBuildFile; fileRef = 38F829D3277B60BB001F8E29 /* PlanCreateViewController.swift */; };
		38F829D6277B60D0001F8E29 /* PlanEditViewController.swift in Sources */ = {isa = PBXBuildFile; fileRef = 38F829D5277B60D0001F8E29 /* PlanEditViewController.swift */; };
/* End PBXBuildFile section */

/* Begin PBXFileReference section */
		2F7F3CD1277B4927003FF337 /* DateShare.app */ = {isa = PBXFileReference; explicitFileType = wrapper.application; includeInIndex = 0; path = DateShare.app; sourceTree = BUILT_PRODUCTS_DIR; };
		2F7F3CD4277B4927003FF337 /* AppDelegate.swift */ = {isa = PBXFileReference; lastKnownFileType = sourcecode.swift; path = AppDelegate.swift; sourceTree = "<group>"; };
		2F7F3CD6277B4927003FF337 /* SceneDelegate.swift */ = {isa = PBXFileReference; lastKnownFileType = sourcecode.swift; path = SceneDelegate.swift; sourceTree = "<group>"; };
		2F7F3CD8277B4927003FF337 /* TopViewController.swift */ = {isa = PBXFileReference; lastKnownFileType = sourcecode.swift; path = TopViewController.swift; sourceTree = "<group>"; };
		2F7F3CDB277B4927003FF337 /* Base */ = {isa = PBXFileReference; lastKnownFileType = file.storyboard; name = Base; path = Base.lproj/Top.storyboard; sourceTree = "<group>"; };
		2F7F3CDD277B492E003FF337 /* Assets.xcassets */ = {isa = PBXFileReference; lastKnownFileType = folder.assetcatalog; path = Assets.xcassets; sourceTree = "<group>"; };
		2F7F3CE0277B492E003FF337 /* Base */ = {isa = PBXFileReference; lastKnownFileType = file.storyboard; name = Base; path = Base.lproj/LaunchScreen.storyboard; sourceTree = "<group>"; };
		2F7F3CE2277B492E003FF337 /* Info.plist */ = {isa = PBXFileReference; lastKnownFileType = text.plist.xml; path = Info.plist; sourceTree = "<group>"; };
		38F829C3277B5C52001F8E29 /* Search.storyboard */ = {isa = PBXFileReference; lastKnownFileType = file.storyboard; path = Search.storyboard; sourceTree = "<group>"; };
		38F829C5277B5D17001F8E29 /* PlanList.storyboard */ = {isa = PBXFileReference; lastKnownFileType = file.storyboard; path = PlanList.storyboard; sourceTree = "<group>"; };
		38F829C7277B5D25001F8E29 /* PlanShow.storyboard */ = {isa = PBXFileReference; lastKnownFileType = file.storyboard; path = PlanShow.storyboard; sourceTree = "<group>"; };
		38F829C9277B5D37001F8E29 /* PlanCreate.storyboard */ = {isa = PBXFileReference; lastKnownFileType = file.storyboard; path = PlanCreate.storyboard; sourceTree = "<group>"; };
		38F829CB277B5D44001F8E29 /* PlanEdit.storyboard */ = {isa = PBXFileReference; lastKnownFileType = file.storyboard; path = PlanEdit.storyboard; sourceTree = "<group>"; };
		38F829CD277B6042001F8E29 /* SearchViewController.swift */ = {isa = PBXFileReference; lastKnownFileType = sourcecode.swift; path = SearchViewController.swift; sourceTree = "<group>"; };
		38F829CF277B609D001F8E29 /* PlanListViewController.swift */ = {isa = PBXFileReference; lastKnownFileType = sourcecode.swift; path = PlanListViewController.swift; sourceTree = "<group>"; };
		38F829D1277B60AC001F8E29 /* PlanShowViewController.swift */ = {isa = PBXFileReference; lastKnownFileType = sourcecode.swift; path = PlanShowViewController.swift; sourceTree = "<group>"; };
		38F829D3277B60BB001F8E29 /* PlanCreateViewController.swift */ = {isa = PBXFileReference; lastKnownFileType = sourcecode.swift; path = PlanCreateViewController.swift; sourceTree = "<group>"; };
		38F829D5277B60D0001F8E29 /* PlanEditViewController.swift */ = {isa = PBXFileReference; lastKnownFileType = sourcecode.swift; path = PlanEditViewController.swift; sourceTree = "<group>"; };
/* End PBXFileReference section */

/* Begin PBXFrameworksBuildPhase section */
		2F7F3CCE277B4927003FF337 /* Frameworks */ = {
			isa = PBXFrameworksBuildPhase;
			buildActionMask = 2147483647;
			files = (
			);
			runOnlyForDeploymentPostprocessing = 0;
		};
/* End PBXFrameworksBuildPhase section */

/* Begin PBXGroup section */
		2F7F3CC8277B4927003FF337 = {
			isa = PBXGroup;
			children = (
				2F7F3CD3277B4927003FF337 /* DateShare */,
				2F7F3CD2277B4927003FF337 /* Products */,
			);
			sourceTree = "<group>";
		};
		2F7F3CD2277B4927003FF337 /* Products */ = {
			isa = PBXGroup;
			children = (
				2F7F3CD1277B4927003FF337 /* DateShare.app */,
			);
			name = Products;
			sourceTree = "<group>";
		};
		2F7F3CD3277B4927003FF337 /* DateShare */ = {
			isa = PBXGroup;
			children = (
				2F7F3CD4277B4927003FF337 /* AppDelegate.swift */,
				2F7F3CD6277B4927003FF337 /* SceneDelegate.swift */,
				2F7F3CD8277B4927003FF337 /* TopViewController.swift */,
				38F829CD277B6042001F8E29 /* SearchViewController.swift */,
				38F829CF277B609D001F8E29 /* PlanListViewController.swift */,
				38F829D1277B60AC001F8E29 /* PlanShowViewController.swift */,
				38F829D3277B60BB001F8E29 /* PlanCreateViewController.swift */,
				38F829D5277B60D0001F8E29 /* PlanEditViewController.swift */,
				38F829C2277B5B65001F8E29 /* Storyboard */,
				2F7F3CDD277B492E003FF337 /* Assets.xcassets */,
				2F7F3CDF277B492E003FF337 /* LaunchScreen.storyboard */,
				2F7F3CE2277B492E003FF337 /* Info.plist */,
			);
			path = DateShare;
			sourceTree = "<group>";
		};
		38F829C2277B5B65001F8E29 /* Storyboard */ = {
			isa = PBXGroup;
			children = (
				2F7F3CDA277B4927003FF337 /* Top.storyboard */,
				38F829C3277B5C52001F8E29 /* Search.storyboard */,
				38F829C5277B5D17001F8E29 /* PlanList.storyboard */,
				38F829C7277B5D25001F8E29 /* PlanShow.storyboard */,
				38F829C9277B5D37001F8E29 /* PlanCreate.storyboard */,
				38F829CB277B5D44001F8E29 /* PlanEdit.storyboard */,
			);
			path = Storyboard;
			sourceTree = "<group>";
		};
/* End PBXGroup section */

/* Begin PBXNativeTarget section */
		2F7F3CD0277B4927003FF337 /* DateShare */ = {
			isa = PBXNativeTarget;
			buildConfigurationList = 2F7F3CE5277B492E003FF337 /* Build configuration list for PBXNativeTarget "DateShare" */;
			buildPhases = (
				2F7F3CCD277B4927003FF337 /* Sources */,
				2F7F3CCE277B4927003FF337 /* Frameworks */,
				2F7F3CCF277B4927003FF337 /* Resources */,
			);
			buildRules = (
			);
			dependencies = (
			);
			name = DateShare;
			productName = DateShare;
			productReference = 2F7F3CD1277B4927003FF337 /* DateShare.app */;
			productType = "com.apple.product-type.application";
		};
/* End PBXNativeTarget section */

/* Begin PBXProject section */
		2F7F3CC9277B4927003FF337 /* Project object */ = {
			isa = PBXProject;
			attributes = {
				BuildIndependentTargetsInParallel = 1;
				LastSwiftUpdateCheck = 1320;
				LastUpgradeCheck = 1320;
				TargetAttributes = {
					2F7F3CD0277B4927003FF337 = {
						CreatedOnToolsVersion = 13.2.1;
					};
				};
			};
			buildConfigurationList = 2F7F3CCC277B4927003FF337 /* Build configuration list for PBXProject "DateShare" */;
			compatibilityVersion = "Xcode 13.0";
			developmentRegion = en;
			hasScannedForEncodings = 0;
			knownRegions = (
				en,
				Base,
			);
			mainGroup = 2F7F3CC8277B4927003FF337;
			productRefGroup = 2F7F3CD2277B4927003FF337 /* Products */;
			projectDirPath = "";
			projectRoot = "";
			targets = (
				2F7F3CD0277B4927003FF337 /* DateShare */,
			);
		};
/* End PBXProject section */

/* Begin PBXResourcesBuildPhase section */
		2F7F3CCF277B4927003FF337 /* Resources */ = {
			isa = PBXResourcesBuildPhase;
			buildActionMask = 2147483647;
			files = (
				2F7F3CE1277B492E003FF337 /* LaunchScreen.storyboard in Resources */,
				2F7F3CDE277B492E003FF337 /* Assets.xcassets in Resources */,
				38F829C4277B5C52001F8E29 /* Search.storyboard in Resources */,
				38F829CC277B5D44001F8E29 /* PlanEdit.storyboard in Resources */,
				38F829C6277B5D17001F8E29 /* PlanList.storyboard in Resources */,
				38F829C8277B5D25001F8E29 /* PlanShow.storyboard in Resources */,
				38F829CA277B5D37001F8E29 /* PlanCreate.storyboard in Resources */,
				2F7F3CDC277B4927003FF337 /* Top.storyboard in Resources */,
			);
			runOnlyForDeploymentPostprocessing = 0;
		};
/* End PBXResourcesBuildPhase section */

/* Begin PBXSourcesBuildPhase section */
		2F7F3CCD277B4927003FF337 /* Sources */ = {
			isa = PBXSourcesBuildPhase;
			buildActionMask = 2147483647;
			files = (
				2F7F3CD9277B4927003FF337 /* TopViewController.swift in Sources */,
				38F829D4277B60BB001F8E29 /* PlanCreateViewController.swift in Sources */,
				2F7F3CD5277B4927003FF337 /* AppDelegate.swift in Sources */,
				38F829D2277B60AC001F8E29 /* PlanShowViewController.swift in Sources */,
				38F829CE277B6042001F8E29 /* SearchViewController.swift in Sources */,
				38F829D0277B609D001F8E29 /* PlanListViewController.swift in Sources */,
				2F7F3CD7277B4927003FF337 /* SceneDelegate.swift in Sources */,
				38F829D6277B60D0001F8E29 /* PlanEditViewController.swift in Sources */,
			);
			runOnlyForDeploymentPostprocessing = 0;
		};
/* End PBXSourcesBuildPhase section */

/* Begin PBXVariantGroup section */
		2F7F3CDA277B4927003FF337 /* Top.storyboard */ = {
			isa = PBXVariantGroup;
			children = (
				2F7F3CDB277B4927003FF337 /* Base */,
			);
			name = Top.storyboard;
			sourceTree = "<group>";
		};
		2F7F3CDF277B492E003FF337 /* LaunchScreen.storyboard */ = {
			isa = PBXVariantGroup;
			children = (
				2F7F3CE0277B492E003FF337 /* Base */,
			);
			name = LaunchScreen.storyboard;
			sourceTree = "<group>";
		};
/* End PBXVariantGroup section */

/* Begin XCBuildConfiguration section */
		2F7F3CE3277B492E003FF337 /* Debug */ = {
			isa = XCBuildConfiguration;
			buildSettings = {
				ALWAYS_SEARCH_USER_PATHS = NO;
				CLANG_ANALYZER_NONNULL = YES;
				CLANG_ANALYZER_NUMBER_OBJECT_CONVERSION = YES_AGGRESSIVE;
				CLANG_CXX_LANGUAGE_STANDARD = "gnu++17";
				CLANG_CXX_LIBRARY = "libc++";
				CLANG_ENABLE_MODULES = YES;
				CLANG_ENABLE_OBJC_ARC = YES;
				CLANG_ENABLE_OBJC_WEAK = YES;
				CLANG_WARN_BLOCK_CAPTURE_AUTORELEASING = YES;
				CLANG_WARN_BOOL_CONVERSION = YES;
				CLANG_WARN_COMMA = YES;
				CLANG_WARN_CONSTANT_CONVERSION = YES;
				CLANG_WARN_DEPRECATED_OBJC_IMPLEMENTATIONS = YES;
				CLANG_WARN_DIRECT_OBJC_ISA_USAGE = YES_ERROR;
				CLANG_WARN_DOCUMENTATION_COMMENTS = YES;
				CLANG_WARN_EMPTY_BODY = YES;
				CLANG_WARN_ENUM_CONVERSION = YES;
				CLANG_WARN_INFINITE_RECURSION = YES;
				CLANG_WARN_INT_CONVERSION = YES;
				CLANG_WARN_NON_LITERAL_NULL_CONVERSION = YES;
				CLANG_WARN_OBJC_IMPLICIT_RETAIN_SELF = YES;
				CLANG_WARN_OBJC_LITERAL_CONVERSION = YES;
				CLANG_WARN_OBJC_ROOT_CLASS = YES_ERROR;
				CLANG_WARN_QUOTED_INCLUDE_IN_FRAMEWORK_HEADER = YES;
				CLANG_WARN_RANGE_LOOP_ANALYSIS = YES;
				CLANG_WARN_STRICT_PROTOTYPES = YES;
				CLANG_WARN_SUSPICIOUS_MOVE = YES;
				CLANG_WARN_UNGUARDED_AVAILABILITY = YES_AGGRESSIVE;
				CLANG_WARN_UNREACHABLE_CODE = YES;
				CLANG_WARN__DUPLICATE_METHOD_MATCH = YES;
				COPY_PHASE_STRIP = NO;
				DEBUG_INFORMATION_FORMAT = dwarf;
				ENABLE_STRICT_OBJC_MSGSEND = YES;
				ENABLE_TESTABILITY = YES;
				GCC_C_LANGUAGE_STANDARD = gnu11;
				GCC_DYNAMIC_NO_PIC = NO;
				GCC_NO_COMMON_BLOCKS = YES;
				GCC_OPTIMIZATION_LEVEL = 0;
				GCC_PREPROCESSOR_DEFINITIONS = (
					"DEBUG=1",
					"$(inherited)",
				);
				GCC_WARN_64_TO_32_BIT_CONVERSION = YES;
				GCC_WARN_ABOUT_RETURN_TYPE = YES_ERROR;
				GCC_WARN_UNDECLARED_SELECTOR = YES;
				GCC_WARN_UNINITIALIZED_AUTOS = YES_AGGRESSIVE;
				GCC_WARN_UNUSED_FUNCTION = YES;
				GCC_WARN_UNUSED_VARIABLE = YES;
				IPHONEOS_DEPLOYMENT_TARGET = 15.2;
				MTL_ENABLE_DEBUG_INFO = INCLUDE_SOURCE;
				MTL_FAST_MATH = YES;
				ONLY_ACTIVE_ARCH = YES;
				SDKROOT = iphoneos;
				SWIFT_ACTIVE_COMPILATION_CONDITIONS = DEBUG;
				SWIFT_OPTIMIZATION_LEVEL = "-Onone";
			};
			name = Debug;
		};
		2F7F3CE4277B492E003FF337 /* Release */ = {
			isa = XCBuildConfiguration;
			buildSettings = {
				ALWAYS_SEARCH_USER_PATHS = NO;
				CLANG_ANALYZER_NONNULL = YES;
				CLANG_ANALYZER_NUMBER_OBJECT_CONVERSION = YES_AGGRESSIVE;
				CLANG_CXX_LANGUAGE_STANDARD = "gnu++17";
				CLANG_CXX_LIBRARY = "libc++";
				CLANG_ENABLE_MODULES = YES;
				CLANG_ENABLE_OBJC_ARC = YES;
				CLANG_ENABLE_OBJC_WEAK = YES;
				CLANG_WARN_BLOCK_CAPTURE_AUTORELEASING = YES;
				CLANG_WARN_BOOL_CONVERSION = YES;
				CLANG_WARN_COMMA = YES;
				CLANG_WARN_CONSTANT_CONVERSION = YES;
				CLANG_WARN_DEPRECATED_OBJC_IMPLEMENTATIONS = YES;
				CLANG_WARN_DIRECT_OBJC_ISA_USAGE = YES_ERROR;
				CLANG_WARN_DOCUMENTATION_COMMENTS = YES;
				CLANG_WARN_EMPTY_BODY = YES;
				CLANG_WARN_ENUM_CONVERSION = YES;
				CLANG_WARN_INFINITE_RECURSION = YES;
				CLANG_WARN_INT_CONVERSION = YES;
				CLANG_WARN_NON_LITERAL_NULL_CONVERSION = YES;
				CLANG_WARN_OBJC_IMPLICIT_RETAIN_SELF = YES;
				CLANG_WARN_OBJC_LITERAL_CONVERSION = YES;
				CLANG_WARN_OBJC_ROOT_CLASS = YES_ERROR;
				CLANG_WARN_QUOTED_INCLUDE_IN_FRAMEWORK_HEADER = YES;
				CLANG_WARN_RANGE_LOOP_ANALYSIS = YES;
				CLANG_WARN_STRICT_PROTOTYPES = YES;
				CLANG_WARN_SUSPICIOUS_MOVE = YES;
				CLANG_WARN_UNGUARDED_AVAILABILITY = YES_AGGRESSIVE;
				CLANG_WARN_UNREACHABLE_CODE = YES;
				CLANG_WARN__DUPLICATE_METHOD_MATCH = YES;
				COPY_PHASE_STRIP = NO;
				DEBUG_INFORMATION_FORMAT = "dwarf-with-dsym";
				ENABLE_NS_ASSERTIONS = NO;
				ENABLE_STRICT_OBJC_MSGSEND = YES;
				GCC_C_LANGUAGE_STANDARD = gnu11;
				GCC_NO_COMMON_BLOCKS = YES;
				GCC_WARN_64_TO_32_BIT_CONVERSION = YES;
				GCC_WARN_ABOUT_RETURN_TYPE = YES_ERROR;
				GCC_WARN_UNDECLARED_SELECTOR = YES;
				GCC_WARN_UNINITIALIZED_AUTOS = YES_AGGRESSIVE;
				GCC_WARN_UNUSED_FUNCTION = YES;
				GCC_WARN_UNUSED_VARIABLE = YES;
				IPHONEOS_DEPLOYMENT_TARGET = 15.2;
				MTL_ENABLE_DEBUG_INFO = NO;
				MTL_FAST_MATH = YES;
				SDKROOT = iphoneos;
				SWIFT_COMPILATION_MODE = wholemodule;
				SWIFT_OPTIMIZATION_LEVEL = "-O";
				VALIDATE_PRODUCT = YES;
			};
			name = Release;
		};
		2F7F3CE6277B492E003FF337 /* Debug */ = {
			isa = XCBuildConfiguration;
			buildSettings = {
				ASSETCATALOG_COMPILER_APPICON_NAME = AppIcon;
				ASSETCATALOG_COMPILER_GLOBAL_ACCENT_COLOR_NAME = AccentColor;
				CODE_SIGN_STYLE = Automatic;
				CURRENT_PROJECT_VERSION = 1;
				DEVELOPMENT_TEAM = KZL4VYQ3R5;
				GENERATE_INFOPLIST_FILE = YES;
				INFOPLIST_FILE = DateShare/Info.plist;
				INFOPLIST_KEY_UIApplicationSupportsIndirectInputEvents = YES;
				INFOPLIST_KEY_UILaunchStoryboardName = LaunchScreen;
				INFOPLIST_KEY_UIMainStoryboardFile = Main;
				INFOPLIST_KEY_UISupportedInterfaceOrientations_iPad = "UIInterfaceOrientationPortrait UIInterfaceOrientationPortraitUpsideDown UIInterfaceOrientationLandscapeLeft UIInterfaceOrientationLandscapeRight";
				INFOPLIST_KEY_UISupportedInterfaceOrientations_iPhone = "UIInterfaceOrientationPortrait UIInterfaceOrientationLandscapeLeft UIInterfaceOrientationLandscapeRight";
				LD_RUNPATH_SEARCH_PATHS = (
					"$(inherited)",
					"@executable_path/Frameworks",
				);
				MARKETING_VERSION = 1.0;
				PRODUCT_BUNDLE_IDENTIFIER = "com.icloud-yuya325yuya.DateShare";
				PRODUCT_NAME = "$(TARGET_NAME)";
				SWIFT_EMIT_LOC_STRINGS = YES;
				SWIFT_VERSION = 5.0;
				TARGETED_DEVICE_FAMILY = "1,2";
			};
			name = Debug;
		};
		2F7F3CE7277B492E003FF337 /* Release */ = {
			isa = XCBuildConfiguration;
			buildSettings = {
				ASSETCATALOG_COMPILER_APPICON_NAME = AppIcon;
				ASSETCATALOG_COMPILER_GLOBAL_ACCENT_COLOR_NAME = AccentColor;
				CODE_SIGN_STYLE = Automatic;
				CURRENT_PROJECT_VERSION = 1;
				DEVELOPMENT_TEAM = KZL4VYQ3R5;
				GENERATE_INFOPLIST_FILE = YES;
				INFOPLIST_FILE = DateShare/Info.plist;
				INFOPLIST_KEY_UIApplicationSupportsIndirectInputEvents = YES;
				INFOPLIST_KEY_UILaunchStoryboardName = LaunchScreen;
				INFOPLIST_KEY_UIMainStoryboardFile = Main;
				INFOPLIST_KEY_UISupportedInterfaceOrientations_iPad = "UIInterfaceOrientationPortrait UIInterfaceOrientationPortraitUpsideDown UIInterfaceOrientationLandscapeLeft UIInterfaceOrientationLandscapeRight";
				INFOPLIST_KEY_UISupportedInterfaceOrientations_iPhone = "UIInterfaceOrientationPortrait UIInterfaceOrientationLandscapeLeft UIInterfaceOrientationLandscapeRight";
				LD_RUNPATH_SEARCH_PATHS = (
					"$(inherited)",
					"@executable_path/Frameworks",
				);
				MARKETING_VERSION = 1.0;
				PRODUCT_BUNDLE_IDENTIFIER = "com.icloud-yuya325yuya.DateShare";
				PRODUCT_NAME = "$(TARGET_NAME)";
				SWIFT_EMIT_LOC_STRINGS = YES;
				SWIFT_VERSION = 5.0;
				TARGETED_DEVICE_FAMILY = "1,2";
			};
			name = Release;
		};
/* End XCBuildConfiguration section */

/* Begin XCConfigurationList section */
		2F7F3CCC277B4927003FF337 /* Build configuration list for PBXProject "DateShare" */ = {
			isa = XCConfigurationList;
			buildConfigurations = (
				2F7F3CE3277B492E003FF337 /* Debug */,
				2F7F3CE4277B492E003FF337 /* Release */,
			);
			defaultConfigurationIsVisible = 0;
			defaultConfigurationName = Release;
		};
		2F7F3CE5277B492E003FF337 /* Build configuration list for PBXNativeTarget "DateShare" */ = {
			isa = XCConfigurationList;
			buildConfigurations = (
				2F7F3CE6277B492E003FF337 /* Debug */,
				2F7F3CE7277B492E003FF337 /* Release */,
			);
			defaultConfigurationIsVisible = 0;
			defaultConfigurationName = Release;
		};
/* End XCConfigurationList section */
	};
	rootObject = 2F7F3CC9277B4927003FF337 /* Project object */;
}
